<?xml version="1.0" encoding="utf-8"?>
<Project ToolsVersion="4.0" xmlns="http://schemas.microsoft.com/developer/msbuild/2003">
  <ItemGroup>
    <Filter Include="Source Files">
      <UniqueIdentifier>{4FC737F1-C7A5-4376-A066-2A32D752A2FF}</UniqueIdentifier>
      <Extensions>cpp;c;cc;cxx;def;odl;idl;hpj;bat;asm;asmx</Extensions>
    </Filter>
    <Filter Include="Header Files">
      <UniqueIdentifier>{93995380-89BD-4b04-88EB-625FBE52EBFB}</UniqueIdentifier>
      <Extensions>h;hh;hpp;hxx;hm;inl;inc;xsd</Extensions>
    </Filter>
    <Filter Include="Resource Files">
      <UniqueIdentifier>{67DA6AB6-F800-4c08-8B7A-83BB121AAD01}</UniqueIdentifier>
      <Extensions>rc;ico;cur;bmp;dlg;rc2;rct;bin;rgs;gif;jpg;jpeg;jpe;resx;tiff;tif;png;wav;mfcribbon-ms</Extensions>
    </Filter>
  </ItemGroup>
  <ItemGroup>
    <ClCompile Include="..\..\igc\afterburnerIGC.cpp">
      <Filter>Source Files</Filter>
    </ClCompile>
    <ClCompile Include="..\..\igc\asteroidIGC.cpp">
      <Filter>Source Files</Filter>
    </ClCompile>
    <ClCompile Include="..\..\igc\bucketIGC.cpp">
      <Filter>Source Files</Filter>
    </ClCompile>
    <ClCompile Include="..\..\igc\buoyIGC.cpp">
      <Filter>Source Files</Filter>
    </ClCompile>
    <ClCompile Include="..\..\igc\chaffIGC.cpp">
      <Filter>Source Files</Filter>
    </ClCompile>
    <ClCompile Include="..\..\igc\chaffTypeIGC.cpp">
      <Filter>Source Files</Filter>
    </ClCompile>
    <ClCompile Include="..\..\igc\civilizationIGC.cpp">
      <Filter>Source Files</Filter>
    </ClCompile>
    <ClCompile Include="..\..\igc\cloakIGC.cpp">
      <Filter>Source Files</Filter>
    </ClCompile>
    <ClCompile Include="..\..\igc\clusterIGC.cpp">
      <Filter>Source Files</Filter>
    </ClCompile>
    <ClCompile Include="..\..\igc\CollisionEntry.cpp">
      <Filter>Source Files</Filter>
    </ClCompile>
    <ClCompile Include="..\..\igc\CollisionQueue.cpp">
      <Filter>Source Files</Filter>
    </ClCompile>
    <ClCompile Include="..\..\igc\common.cpp">
      <Filter>Source Files</Filter>
    </ClCompile>
    <ClCompile Include="..\..\igc\developmentIGC.cpp">
      <Filter>Source Files</Filter>
    </ClCompile>
    <ClCompile Include="..\..\igc\dispenserIGC.cpp">
      <Filter>Source Files</Filter>
    </ClCompile>
    <ClCompile Include="..\..\igc\droneTypeIGC.cpp">
      <Filter>Source Files</Filter>
    </ClCompile>
    <ClCompile Include="..\..\igc\Endpoint.cpp">
      <Filter>Source Files</Filter>
    </ClCompile>
    <ClCompile Include="..\..\igc\HitTest.cpp">
      <Filter>Source Files</Filter>
    </ClCompile>
    <ClCompile Include="..\..\igc\hullTypeIGC.cpp">
      <Filter>Source Files</Filter>
    </ClCompile>
    <ClCompile Include="..\..\igc\KDnode.cpp">
      <Filter>Source Files</Filter>
    </ClCompile>
    <ClCompile Include="..\..\igc\KDroot.cpp">
      <Filter>Source Files</Filter>
    </ClCompile>
    <ClCompile Include="..\..\igc\launcherTypeIGC.cpp">
      <Filter>Source Files</Filter>
    </ClCompile>
    <ClCompile Include="..\..\igc\magazineIGC.cpp">
      <Filter>Source Files</Filter>
    </ClCompile>
    <ClCompile Include="..\..\igc\mapmakerIGC.cpp">
      <Filter>Source Files</Filter>
    </ClCompile>
    <ClCompile Include="..\..\igc\matrix.cpp">
      <Filter>Source Files</Filter>
    </ClCompile>
    <ClCompile Include="..\..\igc\mineIGC.cpp">
      <Filter>Source Files</Filter>
    </ClCompile>
    <ClCompile Include="..\..\igc\mineTypeIGC.cpp">
      <Filter>Source Files</Filter>
    </ClCompile>
    <ClCompile Include="..\..\igc\missileIGC.cpp">
      <Filter>Source Files</Filter>
    </ClCompile>
    <ClCompile Include="..\..\igc\missileTypeIGC.cpp">
      <Filter>Source Files</Filter>
    </ClCompile>
    <ClCompile Include="..\..\igc\missionIGC.cpp">
      <Filter>Source Files</Filter>
    </ClCompile>
    <ClCompile Include="..\..\igc\modelIGC.cpp">
      <Filter>Source Files</Filter>
    </ClCompile>
    <ClCompile Include="..\..\igc\orientation.cpp">
      <Filter>Source Files</Filter>
    </ClCompile>
    <ClCompile Include="..\..\igc\packIGC.cpp">
      <Filter>Source Files</Filter>
    </ClCompile>
    <ClCompile Include="..\..\igc\partTypeIGC.cpp">
      <Filter>Source Files</Filter>
    </ClCompile>
    <ClCompile Include="..\..\igc\pch.cpp">
      <Filter>Source Files</Filter>
    </ClCompile>
    <ClCompile Include="..\..\igc\private.cpp">
      <Filter>Source Files</Filter>
    </ClCompile>
    <ClCompile Include="..\..\igc\probeIGC.cpp">
      <Filter>Source Files</Filter>
    </ClCompile>
    <ClCompile Include="..\..\igc\probeTypeIGC.cpp">
      <Filter>Source Files</Filter>
    </ClCompile>
    <ClCompile Include="..\..\igc\projectileIGC.cpp">
      <Filter>Source Files</Filter>
    </ClCompile>
    <ClCompile Include="..\..\igc\projectileTypeIGC.cpp">
      <Filter>Source Files</Filter>
    </ClCompile>
    <ClCompile Include="..\..\igc\quaternion.cpp">
      <Filter>Source Files</Filter>
    </ClCompile>
    <ClCompile Include="..\..\igc\shieldIGC.cpp">
      <Filter>Source Files</Filter>
    </ClCompile>
    <ClCompile Include="..\..\igc\shipIGC.cpp">
      <Filter>Source Files</Filter>
    </ClCompile>
    <ClCompile Include="..\..\igc\sideIGC.cpp">
      <Filter>Source Files</Filter>
    </ClCompile>
    <ClCompile Include="..\..\igc\stationIGC.cpp">
      <Filter>Source Files</Filter>
    </ClCompile>
    <ClCompile Include="..\..\igc\stationTypeIGC.cpp">
      <Filter>Source Files</Filter>
    </ClCompile>
    <ClCompile Include="..\..\igc\treasureIGC.cpp">
      <Filter>Source Files</Filter>
    </ClCompile>
    <ClCompile Include="..\..\igc\treasureSetIGC.cpp">
      <Filter>Source Files</Filter>
    </ClCompile>
    <ClCompile Include="..\..\igc\vector.cpp">
      <Filter>Source Files</Filter>
    </ClCompile>
    <ClCompile Include="..\..\igc\warpIGC.cpp">
      <Filter>Source Files</Filter>
    </ClCompile>
    <ClCompile Include="..\..\igc\weaponIGC.cpp">
      <Filter>Source Files</Filter>
    </ClCompile>
  </ItemGroup>
  <ItemGroup>
    <ClInclude Include="..\..\igc\mineIGC.h">
      <Filter>Source Files</Filter>
    </ClInclude>
    <ClInclude Include="..\..\igc\afterburnerIGC.h">
      <Filter>Header Files</Filter>
    </ClInclude>
    <ClInclude Include="..\..\igc\asteroidIGC.h">
      <Filter>Header Files</Filter>
    </ClInclude>
    <ClInclude Include="..\..\igc\bucketIGC.h">
      <Filter>Header Files</Filter>
    </ClInclude>
    <ClInclude Include="..\..\igc\buildingEffectIGC.h">
      <Filter>Header Files</Filter>
    </ClInclude>
    <ClInclude Include="..\..\igc\buoyIGC.h">
      <Filter>Header Files</Filter>
    </ClInclude>
    <ClInclude Include="..\..\igc\chaffIGC.h">
      <Filter>Header Files</Filter>
    </ClInclude>
    <ClInclude Include="..\..\igc\chaffTypeIGC.h">
      <Filter>Header Files</Filter>
    </ClInclude>
    <ClInclude Include="..\..\igc\civilizationIGC.h">
      <Filter>Header Files</Filter>
    </ClInclude>
    <ClInclude Include="..\..\igc\weaponIGC.h">
      <Filter>Header Files</Filter>
    </ClInclude>
    <ClInclude Include="..\..\igc\warpIGC.h">
      <Filter>Header Files</Filter>
    </ClInclude>
    <ClInclude Include="..\..\igc\treasureSetIGC.h">
      <Filter>Header Files</Filter>
    </ClInclude>
    <ClInclude Include="..\..\igc\treasureIGC.h">
      <Filter>Header Files</Filter>
    </ClInclude>
    <ClInclude Include="..\..\igc\stationTypeIGC.h">
      <Filter>Header Files</Filter>
    </ClInclude>
    <ClInclude Include="..\..\igc\stationIGC.h">
      <Filter>Header Files</Filter>
    </ClInclude>
    <ClInclude Include="..\..\igc\sounds.h">
      <Filter>Header Files</Filter>
    </ClInclude>
    <ClInclude Include="..\..\igc\sideIGC.h">
      <Filter>Header Files</Filter>
    </ClInclude>
    <ClInclude Include="..\..\igc\shipIGC.h">
      <Filter>Header Files</Filter>
    </ClInclude>
    <ClInclude Include="..\..\igc\shieldIGC.h">
      <Filter>Header Files</Filter>
    </ClInclude>
    <ClInclude Include="..\..\igc\projectileTypeIGC.h">
      <Filter>Header Files</Filter>
    </ClInclude>
    <ClInclude Include="..\..\igc\projectileIGC.h">
      <Filter>Header Files</Filter>
    </ClInclude>
    <ClInclude Include="..\..\igc\probeTypeIGC.h">
      <Filter>Header Files</Filter>
    </ClInclude>
    <ClInclude Include="..\..\igc\probeIGC.h">
      <Filter>Header Files</Filter>
    </ClInclude>
    <ClInclude Include="..\..\igc\private.h">
      <Filter>Header Files</Filter>
    </ClInclude>
    <ClInclude Include="..\..\igc\pch.h">
      <Filter>Header Files</Filter>
    </ClInclude>
    <ClInclude Include="..\..\igc\partTypeIGC.h">
      <Filter>Header Files</Filter>
    </ClInclude>
    <ClInclude Include="..\..\igc\packIGC.h">
      <Filter>Header Files</Filter>
    </ClInclude>
    <ClInclude Include="..\..\igc\modelIGC.h">
      <Filter>Header Files</Filter>
    </ClInclude>
    <ClInclude Include="..\..\igc\missionIGC.h">
      <Filter>Header Files</Filter>
    </ClInclude>
    <ClInclude Include="..\..\igc\missileTypeIGC.h">
      <Filter>Header Files</Filter>
    </ClInclude>
    <ClInclude Include="..\..\igc\missileIGC.h">
      <Filter>Header Files</Filter>
    </ClInclude>
    <ClInclude Include="..\..\igc\mineTypeIGC.h">
      <Filter>Header Files</Filter>
    </ClInclude>
    <ClInclude Include="..\..\igc\mapmakerIGC.h">
      <Filter>Header Files</Filter>
    </ClInclude>
    <ClInclude Include="..\..\igc\magazineIGC.h">
      <Filter>Header Files</Filter>
    </ClInclude>
    <ClInclude Include="..\..\igc\launcherTypeIGC.h">
      <Filter>Header Files</Filter>
    </ClInclude>
    <ClInclude Include="..\..\igc\igc.h">
      <Filter>Header Files</Filter>
    </ClInclude>
    <ClInclude Include="..\..\igc\hullTypeIGC.h">
      <Filter>Header Files</Filter>
    </ClInclude>
    <ClInclude Include="..\..\igc\droneTypeIGC.h">
      <Filter>Header Files</Filter>
    </ClInclude>
    <ClInclude Include="..\..\igc\dispenserIGC.h">
      <Filter>Header Files</Filter>
    </ClInclude>
    <ClInclude Include="..\..\igc\developmentIGC.h">
      <Filter>Header Files</Filter>
    </ClInclude>
    <ClInclude Include="..\..\igc\clusterIGC.h">
      <Filter>Header Files</Filter>
    </ClInclude>
    <ClInclude Include="..\..\igc\cloakIGC.h">
      <Filter>Header Files</Filter>
    </ClInclude>
    <ClInclude Include="..\..\zlib\zlib\zassert.h">
      <Filter>Header Files</Filter>
    </ClInclude>
  </ItemGroup>
  <ItemGroup>
    <None Include="..\..\igc\igc.def">
      <Filter>Source Files</Filter>
    </None>
    <None Include="..\..\igc\Makefile">
      <Filter>Source Files</Filter>
    </None>
  </ItemGroup>
</Project>